
Microsoft Visual Studio Solution File, Format Version 12.00
# Visual Studio 2013
VisualStudioVersion = 12.0.40629.0
MinimumVisualStudioVersion = 10.0.40219.1
Project("{FAE04EC0-301F-11D3-BF4B-00C04F79EFBC}") = "AppBuilderPattern", "AppBuilderPattern.csproj", "{F4B96CC9-6936-4BD7-9E0F-3945102ED37E}"
EndProject
Global
	GlobalSection(SolutionConfigurationPlatforms) = preSolution
		Debug|Any CPU = Debug|Any CPU
		Release|Any CPU = Release|Any CPU
	EndGlobalSection
	GlobalSection(ProjectConfigurationPlatforms) = postSolution
		{F4B96CC9-6936-4BD7-9E0F-3945102ED37E}.Debug|Any CPU.ActiveCfg = Debug|Any CPU
		{F4B96CC9-6936-4BD7-9E0F-3945102ED37E}.Debug|Any CPU.Build.0 = Debug|Any CPU
		{F4B96CC9-6936-4BD7-9E0F-3945102ED37E}.Release|Any CPU.ActiveCfg = Release|Any CPU
		{F4B96CC9-6936-4BD7-9E0F-3945102ED37E}.Release|Any CPU.Build.0 = Release|Any CPU
	EndGlobalSection
	GlobalSection(SolutionProperties) = preSolution
		HideSolutionNode = FALSE
	EndGlobalSection
EndGlobal
